{
  "nodes": {
    "nixpkgs": {
      "locked": {
        "lastModified": 1706304414,
        "narHash": "sha256-undaQcpN/YBG7bMi1ePsU4NM+S49+ZkWf691I+SaHxY=",
        "owner": "nixos",
        "repo": "nixpkgs",
        "rev": "57fd1ef33b4de5ca16850e484f76b87a19b974b1",
        "type": "github"
      },
      "original": {
        "owner": "nixos",
        "repo": "nixpkgs",
        "type": "github"
      }
    },
    "root": {
      "inputs": {
        "nixpkgs": "nixpkgs"
      }
    }
  },
  "root": "root",
  "version": 7
}
